// !$*UTF8*$!
{
	archiveVersion = 1;
	classes = {
	};
	objectVersion = 56;
	objects = {

/* Begin PBXBuildFile section */
		55778CA42C9F375600B928D5 /* ManagersApp.swift in Sources */ = {isa = PBXBuildFile; fileRef = 55778CA32C9F375600B928D5 /* ManagersApp.swift */; };
		55778CA62C9F375600B928D5 /* ContentView.swift in Sources */ = {isa = PBXBuildFile; fileRef = 55778CA52C9F375600B928D5 /* ContentView.swift */; };
		55778CA82C9F375800B928D5 /* Assets.xcassets in Resources */ = {isa = PBXBuildFile; fileRef = 55778CA72C9F375800B928D5 /* Assets.xcassets */; };
		55778CAB2C9F375800B928D5 /* Preview Assets.xcassets in Resources */ = {isa = PBXBuildFile; fileRef = 55778CAA2C9F375800B928D5 /* Preview Assets.xcassets */; };
		55778CB22C9F37B700B928D5 /* LocationManager.swift in Sources */ = {isa = PBXBuildFile; fileRef = 55778CB12C9F37B700B928D5 /* LocationManager.swift */; };
		55778CB42C9F37E200B928D5 /* CacheLoader.swift in Sources */ = {isa = PBXBuildFile; fileRef = 55778CB32C9F37E200B928D5 /* CacheLoader.swift */; };
		55778CB62C9F380200B928D5 /* ImageLoader.swift in Sources */ = {isa = PBXBuildFile; fileRef = 55778CB52C9F380200B928D5 /* ImageLoader.swift */; };
		55EECA992C9F39B3006E69B7 /* ImageContainer.swift in Sources */ = {isa = PBXBuildFile; fileRef = 55EECA982C9F39B3006E69B7 /* ImageContainer.swift */; };
		55EECA9B2C9F39D2006E69B7 /* AsyncImageView.swift in Sources */ = {isa = PBXBuildFile; fileRef = 55EECA9A2C9F39D2006E69B7 /* AsyncImageView.swift */; };
/* End PBXBuildFile section */

/* Begin PBXFileReference section */
		55778CA02C9F375600B928D5 /* Managers.app */ = {isa = PBXFileReference; explicitFileType = wrapper.application; includeInIndex = 0; path = Managers.app; sourceTree = BUILT_PRODUCTS_DIR; };
		55778CA32C9F375600B928D5 /* ManagersApp.swift */ = {isa = PBXFileReference; lastKnownFileType = sourcecode.swift; path = ManagersApp.swift; sourceTree = "<group>"; };
		55778CA52C9F375600B928D5 /* ContentView.swift */ = {isa = PBXFileReference; lastKnownFileType = sourcecode.swift; path = ContentView.swift; sourceTree = "<group>"; };
		55778CA72C9F375800B928D5 /* Assets.xcassets */ = {isa = PBXFileReference; lastKnownFileType = folder.assetcatalog; path = Assets.xcassets; sourceTree = "<group>"; };
		55778CAA2C9F375800B928D5 /* Preview Assets.xcassets */ = {isa = PBXFileReference; lastKnownFileType = folder.assetcatalog; path = "Preview Assets.xcassets"; sourceTree = "<group>"; };
		55778CB12C9F37B700B928D5 /* LocationManager.swift */ = {isa = PBXFileReference; lastKnownFileType = sourcecode.swift; path = LocationManager.swift; sourceTree = "<group>"; };
		55778CB32C9F37E200B928D5 /* CacheLoader.swift */ = {isa = PBXFileReference; lastKnownFileType = sourcecode.swift; path = CacheLoader.swift; sourceTree = "<group>"; };
		55778CB52C9F380200B928D5 /* ImageLoader.swift */ = {isa = PBXFileReference; lastKnownFileType = sourcecode.swift; path = ImageLoader.swift; sourceTree = "<group>"; };
		55EECA982C9F39B3006E69B7 /* ImageContainer.swift */ = {isa = PBXFileReference; lastKnownFileType = sourcecode.swift; path = ImageContainer.swift; sourceTree = "<group>"; };
		55EECA9A2C9F39D2006E69B7 /* AsyncImageView.swift */ = {isa = PBXFileReference; lastKnownFileType = sourcecode.swift; path = AsyncImageView.swift; sourceTree = "<group>"; };
/* End PBXFileReference section */

/* Begin PBXFrameworksBuildPhase section */
		55778C9D2C9F375600B928D5 /* Frameworks */ = {
			isa = PBXFrameworksBuildPhase;
			buildActionMask = 2147483647;
			files = (
			);
			runOnlyForDeploymentPostprocessing = 0;
		};
/* End PBXFrameworksBuildPhase section */

/* Begin PBXGroup section */
		55778C972C9F375600B928D5 = {
			isa = PBXGroup;
			children = (
				55778CA22C9F375600B928D5 /* Managers */,
				55778CA12C9F375600B928D5 /* Products */,
			);
			sourceTree = "<group>";
		};
		55778CA12C9F375600B928D5 /* Products */ = {
			isa = PBXGroup;
			children = (
				55778CA02C9F375600B928D5 /* Managers.app */,
			);
			name = Products;
			sourceTree = "<group>";
		};
		55778CA22C9F375600B928D5 /* Managers */ = {
			isa = PBXGroup;
			children = (
				55778CA32C9F375600B928D5 /* ManagersApp.swift */,
				55778CA52C9F375600B928D5 /* ContentView.swift */,
				55778CB12C9F37B700B928D5 /* LocationManager.swift */,
				55778CB32C9F37E200B928D5 /* CacheLoader.swift */,
				55EECA982C9F39B3006E69B7 /* ImageContainer.swift */,
				55EECA9A2C9F39D2006E69B7 /* AsyncImageView.swift */,
				55778CB52C9F380200B928D5 /* ImageLoader.swift */,
				55778CA72C9F375800B928D5 /* Assets.xcassets */,
				55778CA92C9F375800B928D5 /* Preview Content */,
			);
			path = Managers;
			sourceTree = "<group>";
		};
		55778CA92C9F375800B928D5 /* Preview Content */ = {
			isa = PBXGroup;
			children = (
				55778CAA2C9F375800B928D5 /* Preview Assets.xcassets */,
			);
			path = "Preview Content";
			sourceTree = "<group>";
		};
/* End PBXGroup section */

/* Begin PBXNativeTarget section */
		55778C9F2C9F375600B928D5 /* Managers */ = {
			isa = PBXNativeTarget;
			buildConfigurationList = 55778CAE2C9F375800B928D5 /* Build configuration list for PBXNativeTarget "Managers" */;
			buildPhases = (
				55778C9C2C9F375600B928D5 /* Sources */,
				55778C9D2C9F375600B928D5 /* Frameworks */,
				55778C9E2C9F375600B928D5 /* Resources */,
			);
			buildRules = (
			);
			dependencies = (
			);
			name = Managers;
			productName = Managers;
			productReference = 55778CA02C9F375600B928D5 /* Managers.app */;
			productType = "com.apple.product-type.application";
		};
/* End PBXNativeTarget section */

/* Begin PBXProject section */
		55778C982C9F375600B928D5 /* Project object */ = {
			isa = PBXProject;
			attributes = {
				BuildIndependentTargetsInParallel = 1;
				LastSwiftUpdateCheck = 1400;
				LastUpgradeCheck = 1400;
				TargetAttributes = {
					55778C9F2C9F375600B928D5 = {
						CreatedOnToolsVersion = 14.0;
					};
				};
			};
			buildConfigurationList = 55778C9B2C9F375600B928D5 /* Build configuration list for PBXProject "Managers" */;
			compatibilityVersion = "Xcode 14.0";
			developmentRegion = en;
			hasScannedForEncodings = 0;
			knownRegions = (
				en,
				Base,
			);
			mainGroup = 55778C972C9F375600B928D5;
			productRefGroup = 55778CA12C9F375600B928D5 /* Products */;
			projectDirPath = "";
			projectRoot = "";
			targets = (
				55778C9F2C9F375600B928D5 /* Managers */,
			);
		};
/* End PBXProject section */

/* Begin PBXResourcesBuildPhase section */
		55778C9E2C9F375600B928D5 /* Resources */ = {
			isa = PBXResourcesBuildPhase;
			buildActionMask = 2147483647;
			files = (
				55778CAB2C9F375800B928D5 /* Preview Assets.xcassets in Resources */,
				55778CA82C9F375800B928D5 /* Assets.xcassets in Resources */,
			);
			runOnlyForDeploymentPostprocessing = 0;
		};
/* End PBXResourcesBuildPhase section */

/* Begin PBXSourcesBuildPhase section */
		55778C9C2C9F375600B928D5 /* Sources */ = {
			isa = PBXSourcesBuildPhase;
			buildActionMask = 2147483647;
			files = (
				55778CA62C9F375600B928D5 /* ContentView.swift in Sources */,
				55778CA42C9F375600B928D5 /* ManagersApp.swift in Sources */,
				55778CB62C9F380200B928D5 /* ImageLoader.swift in Sources */,
				55778CB22C9F37B700B928D5 /* LocationManager.swift in Sources */,
				55778CB42C9F37E200B928D5 /* CacheLoader.swift in Sources */,
				55EECA992C9F39B3006E69B7 /* ImageContainer.swift in Sources */,
				55EECA9B2C9F39D2006E69B7 /* AsyncImageView.swift in Sources */,
			);
			runOnlyForDeploymentPostprocessing = 0;
		};
/* End PBXSourcesBuildPhase section */

/* Begin XCBuildConfiguration section */
		55778CAC2C9F375800B928D5 /* Debug */ = {
			isa = XCBuildConfiguration;
			buildSettings = {
				ALWAYS_SEARCH_USER_PATHS = NO;
				CLANG_ANALYZER_NONNULL = YES;
				CLANG_ANALYZER_NUMBER_OBJECT_CONVERSION = YES_AGGRESSIVE;
				CLANG_CXX_LANGUAGE_STANDARD = "gnu++20";
				CLANG_ENABLE_MODULES = YES;
				CLANG_ENABLE_OBJC_ARC = YES;
				CLANG_ENABLE_OBJC_WEAK = YES;
				CLANG_WARN_BLOCK_CAPTURE_AUTORELEASING = YES;
				CLANG_WARN_BOOL_CONVERSION = YES;
				CLANG_WARN_COMMA = YES;
				CLANG_WARN_CONSTANT_CONVERSION = YES;
				CLANG_WARN_DEPRECATED_OBJC_IMPLEMENTATIONS = YES;
				CLANG_WARN_DIRECT_OBJC_ISA_USAGE = YES_ERROR;
				CLANG_WARN_DOCUMENTATION_COMMENTS = YES;
				CLANG_WARN_EMPTY_BODY = YES;
				CLANG_WARN_ENUM_CONVERSION = YES;
				CLANG_WARN_INFINITE_RECURSION = YES;
				CLANG_WARN_INT_CONVERSION = YES;
				CLANG_WARN_NON_LITERAL_NULL_CONVERSION = YES;
				CLANG_WARN_OBJC_IMPLICIT_RETAIN_SELF = YES;
				CLANG_WARN_OBJC_LITERAL_CONVERSION = YES;
				CLANG_WARN_OBJC_ROOT_CLASS = YES_ERROR;
				CLANG_WARN_QUOTED_INCLUDE_IN_FRAMEWORK_HEADER = YES;
				CLANG_WARN_RANGE_LOOP_ANALYSIS = YES;
				CLANG_WARN_STRICT_PROTOTYPES = YES;
				CLANG_WARN_SUSPICIOUS_MOVE = YES;
				CLANG_WARN_UNGUARDED_AVAILABILITY = YES_AGGRESSIVE;
				CLANG_WARN_UNREACHABLE_CODE = YES;
				CLANG_WARN__DUPLICATE_METHOD_MATCH = YES;
				COPY_PHASE_STRIP = NO;
				DEBUG_INFORMATION_FORMAT = dwarf;
				ENABLE_STRICT_OBJC_MSGSEND = YES;
				ENABLE_TESTABILITY = YES;
				GCC_C_LANGUAGE_STANDARD = gnu11;
				GCC_DYNAMIC_NO_PIC = NO;
				GCC_NO_COMMON_BLOCKS = YES;
				GCC_OPTIMIZATION_LEVEL = 0;
				GCC_PREPROCESSOR_DEFINITIONS = (
					"DEBUG=1",
					"$(inherited)",
				);
				GCC_WARN_64_TO_32_BIT_CONVERSION = YES;
				GCC_WARN_ABOUT_RETURN_TYPE = YES_ERROR;
				GCC_WARN_UNDECLARED_SELECTOR = YES;
				GCC_WARN_UNINITIALIZED_AUTOS = YES_AGGRESSIVE;
				GCC_WARN_UNUSED_FUNCTION = YES;
				GCC_WARN_UNUSED_VARIABLE = YES;
				IPHONEOS_DEPLOYMENT_TARGET = 16.0;
				MTL_ENABLE_DEBUG_INFO = INCLUDE_SOURCE;
				MTL_FAST_MATH = YES;
				ONLY_ACTIVE_ARCH = YES;
				SDKROOT = iphoneos;
				SWIFT_ACTIVE_COMPILATION_CONDITIONS = DEBUG;
				SWIFT_OPTIMIZATION_LEVEL = "-Onone";
			};
			name = Debug;
		};
		55778CAD2C9F375800B928D5 /* Release */ = {
			isa = XCBuildConfiguration;
			buildSettings = {
				ALWAYS_SEARCH_USER_PATHS = NO;
				CLANG_ANALYZER_NONNULL = YES;
				CLANG_ANALYZER_NUMBER_OBJECT_CONVERSION = YES_AGGRESSIVE;
				CLANG_CXX_LANGUAGE_STANDARD = "gnu++20";
				CLANG_ENABLE_MODULES = YES;
				CLANG_ENABLE_OBJC_ARC = YES;
				CLANG_ENABLE_OBJC_WEAK = YES;
				CLANG_WARN_BLOCK_CAPTURE_AUTORELEASING = YES;
				CLANG_WARN_BOOL_CONVERSION = YES;
				CLANG_WARN_COMMA = YES;
				CLANG_WARN_CONSTANT_CONVERSION = YES;
				CLANG_WARN_DEPRECATED_OBJC_IMPLEMENTATIONS = YES;
				CLANG_WARN_DIRECT_OBJC_ISA_USAGE = YES_ERROR;
				CLANG_WARN_DOCUMENTATION_COMMENTS = YES;
				CLANG_WARN_EMPTY_BODY = YES;
				CLANG_WARN_ENUM_CONVERSION = YES;
				CLANG_WARN_INFINITE_RECURSION = YES;
				CLANG_WARN_INT_CONVERSION = YES;
				CLANG_WARN_NON_LITERAL_NULL_CONVERSION = YES;
				CLANG_WARN_OBJC_IMPLICIT_RETAIN_SELF = YES;
				CLANG_WARN_OBJC_LITERAL_CONVERSION = YES;
				CLANG_WARN_OBJC_ROOT_CLASS = YES_ERROR;
				CLANG_WARN_QUOTED_INCLUDE_IN_FRAMEWORK_HEADER = YES;
				CLANG_WARN_RANGE_LOOP_ANALYSIS = YES;
				CLANG_WARN_STRICT_PROTOTYPES = YES;
				CLANG_WARN_SUSPICIOUS_MOVE = YES;
				CLANG_WARN_UNGUARDED_AVAILABILITY = YES_AGGRESSIVE;
				CLANG_WARN_UNREACHABLE_CODE = YES;
				CLANG_WARN__DUPLICATE_METHOD_MATCH = YES;
				COPY_PHASE_STRIP = NO;
				DEBUG_INFORMATION_FORMAT = "dwarf-with-dsym";
				ENABLE_NS_ASSERTIONS = NO;
				ENABLE_STRICT_OBJC_MSGSEND = YES;
				GCC_C_LANGUAGE_STANDARD = gnu11;
				GCC_NO_COMMON_BLOCKS = YES;
				GCC_WARN_64_TO_32_BIT_CONVERSION = YES;
				GCC_WARN_ABOUT_RETURN_TYPE = YES_ERROR;
				GCC_WARN_UNDECLARED_SELECTOR = YES;
				GCC_WARN_UNINITIALIZED_AUTOS = YES_AGGRESSIVE;
				GCC_WARN_UNUSED_FUNCTION = YES;
				GCC_WARN_UNUSED_VARIABLE = YES;
				IPHONEOS_DEPLOYMENT_TARGET = 16.0;
				MTL_ENABLE_DEBUG_INFO = NO;
				MTL_FAST_MATH = YES;
				SDKROOT = iphoneos;
				SWIFT_COMPILATION_MODE = wholemodule;
				SWIFT_OPTIMIZATION_LEVEL = "-O";
				VALIDATE_PRODUCT = YES;
			};
			name = Release;
		};
		55778CAF2C9F375800B928D5 /* Debug */ = {
			isa = XCBuildConfiguration;
			buildSettings = {
				ASSETCATALOG_COMPILER_APPICON_NAME = AppIcon;
				ASSETCATALOG_COMPILER_GLOBAL_ACCENT_COLOR_NAME = AccentColor;
				CODE_SIGN_STYLE = Automatic;
				CURRENT_PROJECT_VERSION = 1;
				DEVELOPMENT_ASSET_PATHS = "\"Managers/Preview Content\"";
				ENABLE_PREVIEWS = YES;
				GENERATE_INFOPLIST_FILE = YES;
				INFOPLIST_KEY_UIApplicationSceneManifest_Generation = YES;
				INFOPLIST_KEY_UIApplicationSupportsIndirectInputEvents = YES;
				INFOPLIST_KEY_UILaunchScreen_Generation = YES;
				INFOPLIST_KEY_UISupportedInterfaceOrientations_iPad = "UIInterfaceOrientationPortrait UIInterfaceOrientationPortraitUpsideDown UIInterfaceOrientationLandscapeLeft UIInterfaceOrientationLandscapeRight";
				INFOPLIST_KEY_UISupportedInterfaceOrientations_iPhone = "UIInterfaceOrientationPortrait UIInterfaceOrientationLandscapeLeft UIInterfaceOrientationLandscapeRight";
				LD_RUNPATH_SEARCH_PATHS = (
					"$(inherited)",
					"@executable_path/Frameworks",
				);
				MARKETING_VERSION = 1.0;
				PRODUCT_BUNDLE_IDENTIFIER = ll.Managers;
				PRODUCT_NAME = "$(TARGET_NAME)";
				SWIFT_EMIT_LOC_STRINGS = YES;
				SWIFT_VERSION = 5.0;
				TARGETED_DEVICE_FAMILY = "1,2";
			};
			name = Debug;
		};
		55778CB02C9F375800B928D5 /* Release */ = {
			isa = XCBuildConfiguration;
			buildSettings = {
				ASSETCATALOG_COMPILER_APPICON_NAME = AppIcon;
				ASSETCATALOG_COMPILER_GLOBAL_ACCENT_COLOR_NAME = AccentColor;
				CODE_SIGN_STYLE = Automatic;
				CURRENT_PROJECT_VERSION = 1;
				DEVELOPMENT_ASSET_PATHS = "\"Managers/Preview Content\"";
				ENABLE_PREVIEWS = YES;
				GENERATE_INFOPLIST_FILE = YES;
				INFOPLIST_KEY_UIApplicationSceneManifest_Generation = YES;
				INFOPLIST_KEY_UIApplicationSupportsIndirectInputEvents = YES;
				INFOPLIST_KEY_UILaunchScreen_Generation = YES;
				INFOPLIST_KEY_UISupportedInterfaceOrientations_iPad = "UIInterfaceOrientationPortrait UIInterfaceOrientationPortraitUpsideDown UIInterfaceOrientationLandscapeLeft UIInterfaceOrientationLandscapeRight";
				INFOPLIST_KEY_UISupportedInterfaceOrientations_iPhone = "UIInterfaceOrientationPortrait UIInterfaceOrientationLandscapeLeft UIInterfaceOrientationLandscapeRight";
				LD_RUNPATH_SEARCH_PATHS = (
					"$(inherited)",
					"@executable_path/Frameworks",
				);
				MARKETING_VERSION = 1.0;
				PRODUCT_BUNDLE_IDENTIFIER = ll.Managers;
				PRODUCT_NAME = "$(TARGET_NAME)";
				SWIFT_EMIT_LOC_STRINGS = YES;
				SWIFT_VERSION = 5.0;
				TARGETED_DEVICE_FAMILY = "1,2";
			};
			name = Release;
		};
/* End XCBuildConfiguration section */

/* Begin XCConfigurationList section */
		55778C9B2C9F375600B928D5 /* Build configuration list for PBXProject "Managers" */ = {
			isa = XCConfigurationList;
			buildConfigurations = (
				55778CAC2C9F375800B928D5 /* Debug */,
				55778CAD2C9F375800B928D5 /* Release */,
			);
			defaultConfigurationIsVisible = 0;
			defaultConfigurationName = Release;
		};
		55778CAE2C9F375800B928D5 /* Build configuration list for PBXNativeTarget "Managers" */ = {
			isa = XCConfigurationList;
			buildConfigurations = (
				55778CAF2C9F375800B928D5 /* Debug */,
				55778CB02C9F375800B928D5 /* Release */,
			);
			defaultConfigurationIsVisible = 0;
			defaultConfigurationName = Release;
		};
/* End XCConfigurationList section */
	};
	rootObject = 55778C982C9F375600B928D5 /* Project object */;
}
